
Microsoft Visual Studio Solution File, Format Version 12.00
# Visual Studio Version 17
VisualStudioVersion = 17.0.32014.148
MinimumVisualStudioVersion = 10.0.40219.1
Project("{9A19103F-16F7-4668-BE54-9A1E7A4F7556}") = "weatherStation.api", "weatherStation.api.csproj", "{F46AA9DF-1015-447A-BC79-A5A35B3DE00A}"
EndProject
Global
	GlobalSection(SolutionConfigurationPlatforms) = preSolution
		Debug|Any CPU = Debug|Any CPU
		Release|Any CPU = Release|Any CPU
	EndGlobalSection
	GlobalSection(ProjectConfigurationPlatforms) = postSolution
		{F46AA9DF-1015-447A-BC79-A5A35B3DE00A}.Debug|Any CPU.ActiveCfg = Debug|Any CPU
		{F46AA9DF-1015-447A-BC79-A5A35B3DE00A}.Debug|Any CPU.Build.0 = Debug|Any CPU
		{F46AA9DF-1015-447A-BC79-A5A35B3DE00A}.Release|Any CPU.ActiveCfg = Release|Any CPU
		{F46AA9DF-1015-447A-BC79-A5A35B3DE00A}.Release|Any CPU.Build.0 = Release|Any CPU
	EndGlobalSection
	GlobalSection(SolutionProperties) = preSolution
		HideSolutionNode = FALSE
	EndGlobalSection
	GlobalSection(ExtensibilityGlobals) = postSolution
		SolutionGuid = {17097483-87A8-4352-8FDB-22CFEAFB9A0D}
	EndGlobalSection
EndGlobal
