
Microsoft Visual Studio Solution File, Format Version 12.00
# Visual Studio Version 17
VisualStudioVersion = 17.2.32516.85
MinimumVisualStudioVersion = 10.0.40219.1
Project("{2150E333-8FDC-42A3-9474-1A3956D46DE8}") = "Solution Items", "Solution Items", "{4F611CE2-C54B-48E5-B6EB-8DDC22976923}"
	ProjectSection(SolutionItems) = preProject
		.env.dev = .env.dev
		.env = .env
		docker-compose-mongo.yml = docker-compose-mongo.yml
		docker-compose.yml = docker-compose.yml
		README.md = README.md
	EndProjectSection
EndProject
Project("{2150E333-8FDC-42A3-9474-1A3956D46DE8}") = "Providers", "Providers", "{BB965283-F9B4-470B-BC88-5396C96768CE}"
EndProject
Project("{2150E333-8FDC-42A3-9474-1A3956D46DE8}") = "Utility", "Utility", "{B7DC9848-BE5C-4E92-967F-400D20A0F6F2}"
EndProject
Project("{2150E333-8FDC-42A3-9474-1A3956D46DE8}") = "Format", "Format", "{C7B780C9-81B9-4BC2-BB5C-B57441C3A0DF}"
EndProject
Project("{2150E333-8FDC-42A3-9474-1A3956D46DE8}") = "Database", "Database", "{B8F8748D-F71F-4842-BD63-2CA57368F10E}"
EndProject
Project("{2150E333-8FDC-42A3-9474-1A3956D46DE8}") = "Core", "Core", "{D1FB5D26-79FF-45B9-9631-FF1BA8B258B2}"
EndProject
Project("{2150E333-8FDC-42A3-9474-1A3956D46DE8}") = "Presentation", "Presentation", "{F07838F9-188D-406D-AC85-8734D3B4B91C}"
EndProject
Project("{2150E333-8FDC-42A3-9474-1A3956D46DE8}") = "UseCase", "UseCase", "{2098DDCC-64CE-4102-86A6-4FD6B4A476E3}"
EndProject
Project("{9A19103F-16F7-4668-BE54-9A1E7A4F7556}") = "LogUltra.Core.Abstraction", "Core\LogUltra.Core.Abstraction\LogUltra.Core.Abstraction.csproj", "{99F4EFB2-C2AF-47AF-8C68-3479FAB8F170}"
EndProject
Project("{9A19103F-16F7-4668-BE54-9A1E7A4F7556}") = "LogUltra.Models", "Core\LogUltra.Models\LogUltra.Models.csproj", "{441CA313-E091-4C6F-9CE9-994BE2D41D8E}"
EndProject
Project("{9A19103F-16F7-4668-BE54-9A1E7A4F7556}") = "LogUltra.ExampleUse", "Presentation\UseCase\LogUltra.ExampleUse\LogUltra.ExampleUse.csproj", "{CE2924C7-69E7-4A0F-A0FF-107C9077CF12}"
EndProject
Project("{9A19103F-16F7-4668-BE54-9A1E7A4F7556}") = "LogUltra.Log.API", "Presentation\LogUltra.Log.API\LogUltra.Log.API.csproj", "{DABFB4C9-5D3E-4116-B85A-009FC280A737}"
EndProject
Project("{9A19103F-16F7-4668-BE54-9A1E7A4F7556}") = "LogUltra.UI", "Presentation\LogUltra.UI\LogUltra.UI.csproj", "{51C31F04-3251-4A20-9DD9-EE5026A97ED2}"
EndProject
Project("{9A19103F-16F7-4668-BE54-9A1E7A4F7556}") = "LogUltra.Log.Service", "Utility\Database\LogUltra.Log.Service\LogUltra.Log.Service.csproj", "{C3B4DCFA-582C-4BCC-A0E1-02431EBF07B4}"
EndProject
Project("{9A19103F-16F7-4668-BE54-9A1E7A4F7556}") = "LogUltra.TemplateParser", "Utility\Format\LogUltra.TemplateParser\LogUltra.TemplateParser.csproj", "{8CF14E44-F588-4304-8151-16C8923A786D}"
EndProject
Project("{9A19103F-16F7-4668-BE54-9A1E7A4F7556}") = "LogUltra.MongoDb", "Providers\LogUltra.MongoDb\LogUltra.MongoDb.csproj", "{A3A961C1-D511-4826-B5B8-BA516970225F}"
EndProject
Project("{9A19103F-16F7-4668-BE54-9A1E7A4F7556}") = "LogUltra.File", "Providers\LogUltra.File\LogUltra.File.csproj", "{3B07AED6-4473-4AFE-A37A-229C0EEE0172}"
EndProject
Project("{9A19103F-16F7-4668-BE54-9A1E7A4F7556}") = "LogUltra.Console", "Providers\LogUltra.Console\LogUltra.Console.csproj", "{0F31126F-D287-4D9F-A08A-80B1FDA4B211}"
EndProject
Global
	GlobalSection(SolutionConfigurationPlatforms) = preSolution
		Debug|Any CPU = Debug|Any CPU
		Release|Any CPU = Release|Any CPU
	EndGlobalSection
	GlobalSection(ProjectConfigurationPlatforms) = postSolution
		{99F4EFB2-C2AF-47AF-8C68-3479FAB8F170}.Debug|Any CPU.ActiveCfg = Debug|Any CPU
		{99F4EFB2-C2AF-47AF-8C68-3479FAB8F170}.Debug|Any CPU.Build.0 = Debug|Any CPU
		{99F4EFB2-C2AF-47AF-8C68-3479FAB8F170}.Release|Any CPU.ActiveCfg = Release|Any CPU
		{99F4EFB2-C2AF-47AF-8C68-3479FAB8F170}.Release|Any CPU.Build.0 = Release|Any CPU
		{441CA313-E091-4C6F-9CE9-994BE2D41D8E}.Debug|Any CPU.ActiveCfg = Debug|Any CPU
		{441CA313-E091-4C6F-9CE9-994BE2D41D8E}.Debug|Any CPU.Build.0 = Debug|Any CPU
		{441CA313-E091-4C6F-9CE9-994BE2D41D8E}.Release|Any CPU.ActiveCfg = Release|Any CPU
		{441CA313-E091-4C6F-9CE9-994BE2D41D8E}.Release|Any CPU.Build.0 = Release|Any CPU
		{CE2924C7-69E7-4A0F-A0FF-107C9077CF12}.Debug|Any CPU.ActiveCfg = Debug|Any CPU
		{CE2924C7-69E7-4A0F-A0FF-107C9077CF12}.Debug|Any CPU.Build.0 = Debug|Any CPU
		{CE2924C7-69E7-4A0F-A0FF-107C9077CF12}.Release|Any CPU.ActiveCfg = Release|Any CPU
		{CE2924C7-69E7-4A0F-A0FF-107C9077CF12}.Release|Any CPU.Build.0 = Release|Any CPU
		{DABFB4C9-5D3E-4116-B85A-009FC280A737}.Debug|Any CPU.ActiveCfg = Debug|Any CPU
		{DABFB4C9-5D3E-4116-B85A-009FC280A737}.Debug|Any CPU.Build.0 = Debug|Any CPU
		{DABFB4C9-5D3E-4116-B85A-009FC280A737}.Release|Any CPU.ActiveCfg = Release|Any CPU
		{DABFB4C9-5D3E-4116-B85A-009FC280A737}.Release|Any CPU.Build.0 = Release|Any CPU
		{51C31F04-3251-4A20-9DD9-EE5026A97ED2}.Debug|Any CPU.ActiveCfg = Debug|Any CPU
		{51C31F04-3251-4A20-9DD9-EE5026A97ED2}.Debug|Any CPU.Build.0 = Debug|Any CPU
		{51C31F04-3251-4A20-9DD9-EE5026A97ED2}.Release|Any CPU.ActiveCfg = Release|Any CPU
		{51C31F04-3251-4A20-9DD9-EE5026A97ED2}.Release|Any CPU.Build.0 = Release|Any CPU
		{C3B4DCFA-582C-4BCC-A0E1-02431EBF07B4}.Debug|Any CPU.ActiveCfg = Debug|Any CPU
		{C3B4DCFA-582C-4BCC-A0E1-02431EBF07B4}.Debug|Any CPU.Build.0 = Debug|Any CPU
		{C3B4DCFA-582C-4BCC-A0E1-02431EBF07B4}.Release|Any CPU.ActiveCfg = Release|Any CPU
		{C3B4DCFA-582C-4BCC-A0E1-02431EBF07B4}.Release|Any CPU.Build.0 = Release|Any CPU
		{8CF14E44-F588-4304-8151-16C8923A786D}.Debug|Any CPU.ActiveCfg = Debug|Any CPU
		{8CF14E44-F588-4304-8151-16C8923A786D}.Debug|Any CPU.Build.0 = Debug|Any CPU
		{8CF14E44-F588-4304-8151-16C8923A786D}.Release|Any CPU.ActiveCfg = Release|Any CPU
		{8CF14E44-F588-4304-8151-16C8923A786D}.Release|Any CPU.Build.0 = Release|Any CPU
		{A3A961C1-D511-4826-B5B8-BA516970225F}.Debug|Any CPU.ActiveCfg = Debug|Any CPU
		{A3A961C1-D511-4826-B5B8-BA516970225F}.Debug|Any CPU.Build.0 = Debug|Any CPU
		{A3A961C1-D511-4826-B5B8-BA516970225F}.Release|Any CPU.ActiveCfg = Release|Any CPU
		{A3A961C1-D511-4826-B5B8-BA516970225F}.Release|Any CPU.Build.0 = Release|Any CPU
		{3B07AED6-4473-4AFE-A37A-229C0EEE0172}.Debug|Any CPU.ActiveCfg = Debug|Any CPU
		{3B07AED6-4473-4AFE-A37A-229C0EEE0172}.Debug|Any CPU.Build.0 = Debug|Any CPU
		{3B07AED6-4473-4AFE-A37A-229C0EEE0172}.Release|Any CPU.ActiveCfg = Release|Any CPU
		{3B07AED6-4473-4AFE-A37A-229C0EEE0172}.Release|Any CPU.Build.0 = Release|Any CPU
		{0F31126F-D287-4D9F-A08A-80B1FDA4B211}.Debug|Any CPU.ActiveCfg = Debug|Any CPU
		{0F31126F-D287-4D9F-A08A-80B1FDA4B211}.Debug|Any CPU.Build.0 = Debug|Any CPU
		{0F31126F-D287-4D9F-A08A-80B1FDA4B211}.Release|Any CPU.ActiveCfg = Release|Any CPU
		{0F31126F-D287-4D9F-A08A-80B1FDA4B211}.Release|Any CPU.Build.0 = Release|Any CPU
	EndGlobalSection
	GlobalSection(SolutionProperties) = preSolution
		HideSolutionNode = FALSE
	EndGlobalSection
	GlobalSection(NestedProjects) = preSolution
		{C7B780C9-81B9-4BC2-BB5C-B57441C3A0DF} = {B7DC9848-BE5C-4E92-967F-400D20A0F6F2}
		{B8F8748D-F71F-4842-BD63-2CA57368F10E} = {B7DC9848-BE5C-4E92-967F-400D20A0F6F2}
		{2098DDCC-64CE-4102-86A6-4FD6B4A476E3} = {F07838F9-188D-406D-AC85-8734D3B4B91C}
		{99F4EFB2-C2AF-47AF-8C68-3479FAB8F170} = {D1FB5D26-79FF-45B9-9631-FF1BA8B258B2}
		{441CA313-E091-4C6F-9CE9-994BE2D41D8E} = {D1FB5D26-79FF-45B9-9631-FF1BA8B258B2}
		{CE2924C7-69E7-4A0F-A0FF-107C9077CF12} = {2098DDCC-64CE-4102-86A6-4FD6B4A476E3}
		{DABFB4C9-5D3E-4116-B85A-009FC280A737} = {F07838F9-188D-406D-AC85-8734D3B4B91C}
		{51C31F04-3251-4A20-9DD9-EE5026A97ED2} = {F07838F9-188D-406D-AC85-8734D3B4B91C}
		{C3B4DCFA-582C-4BCC-A0E1-02431EBF07B4} = {B8F8748D-F71F-4842-BD63-2CA57368F10E}
		{8CF14E44-F588-4304-8151-16C8923A786D} = {C7B780C9-81B9-4BC2-BB5C-B57441C3A0DF}
		{A3A961C1-D511-4826-B5B8-BA516970225F} = {BB965283-F9B4-470B-BC88-5396C96768CE}
		{3B07AED6-4473-4AFE-A37A-229C0EEE0172} = {BB965283-F9B4-470B-BC88-5396C96768CE}
		{0F31126F-D287-4D9F-A08A-80B1FDA4B211} = {BB965283-F9B4-470B-BC88-5396C96768CE}
	EndGlobalSection
	GlobalSection(ExtensibilityGlobals) = postSolution
		SolutionGuid = {D38A0C02-0E5D-4D79-A867-C9A374FB1DD0}
	EndGlobalSection
EndGlobal
