
Microsoft Visual Studio Solution File, Format Version 12.00
# Visual Studio Version 17
VisualStudioVersion = 17.2.32516.85
MinimumVisualStudioVersion = 10.0.40219.1
Project("{9A19103F-16F7-4668-BE54-9A1E7A4F7556}") = "LogUltra.Core", "LogUltra.Core\LogUltra.Core.csproj", "{40C7325C-852C-4487-A716-348FDF469AF5}"
EndProject
Project("{9A19103F-16F7-4668-BE54-9A1E7A4F7556}") = "LogUltra.Models", "LogUltra.Models\LogUltra.Models.csproj", "{E2E06565-B99F-4D82-9667-07179134E0BF}"
EndProject
Project("{9A19103F-16F7-4668-BE54-9A1E7A4F7556}") = "LogUltra.Console", "LogUltra.Console\LogUltra.Console.csproj", "{3F926B43-234E-471F-829F-4CBEC36FAC82}"
EndProject
Project("{9A19103F-16F7-4668-BE54-9A1E7A4F7556}") = "LogUltra.File", "LogUltra.File\LogUltra.File.csproj", "{129DBF63-D8F7-4C3D-A8D3-054501A3D601}"
EndProject
Project("{2150E333-8FDC-42A3-9474-1A3956D46DE8}") = "Solution Items", "Solution Items", "{4F611CE2-C54B-48E5-B6EB-8DDC22976923}"
	ProjectSection(SolutionItems) = preProject
		docker-compose-mongo.yml = docker-compose-mongo.yml
		README.md = README.md
	EndProjectSection
EndProject
Project("{9A19103F-16F7-4668-BE54-9A1E7A4F7556}") = "LogUltra.UI", "LogUltra.UI\LogUltra.UI.csproj", "{5020FC4B-760A-400A-900D-AC780C327C26}"
EndProject
Project("{9A19103F-16F7-4668-BE54-9A1E7A4F7556}") = "LogUltra.Log.Service", "LogUltra.Log.Service\LogUltra.Log.Service.csproj", "{7C6F6600-7F3C-42DA-BA7F-EAA32F2888A2}"
EndProject
Project("{9A19103F-16F7-4668-BE54-9A1E7A4F7556}") = "LogUltra.MongoDb", "LogUltra.MongoDb\LogUltra.MongoDb.csproj", "{39036AC5-97A2-4269-BAA6-D9619EA966DC}"
EndProject
Project("{9A19103F-16F7-4668-BE54-9A1E7A4F7556}") = "LogUltra.TemplateParser", "LogUltra.TemplateParser\LogUltra.TemplateParser.csproj", "{D0D18B27-7F61-4E48-86ED-CF775514F57F}"
EndProject
Project("{2150E333-8FDC-42A3-9474-1A3956D46DE8}") = "Providers", "Providers", "{BB965283-F9B4-470B-BC88-5396C96768CE}"
EndProject
Project("{2150E333-8FDC-42A3-9474-1A3956D46DE8}") = "Utility", "Utility", "{B7DC9848-BE5C-4E92-967F-400D20A0F6F2}"
EndProject
Project("{2150E333-8FDC-42A3-9474-1A3956D46DE8}") = "Format", "Format", "{C7B780C9-81B9-4BC2-BB5C-B57441C3A0DF}"
EndProject
Project("{2150E333-8FDC-42A3-9474-1A3956D46DE8}") = "Database", "Database", "{B8F8748D-F71F-4842-BD63-2CA57368F10E}"
EndProject
Project("{2150E333-8FDC-42A3-9474-1A3956D46DE8}") = "Core", "Core", "{D1FB5D26-79FF-45B9-9631-FF1BA8B258B2}"
EndProject
Project("{2150E333-8FDC-42A3-9474-1A3956D46DE8}") = "Presentation", "Presentation", "{F07838F9-188D-406D-AC85-8734D3B4B91C}"
EndProject
Project("{FAE04EC0-301F-11D3-BF4B-00C04F79EFBC}") = "LogUltra.Log.API", "LogUltra.Log.API\LogUltra.Log.API.csproj", "{D932F950-3182-431A-BC7E-0F1CB9C33437}"
EndProject
Global
	GlobalSection(SolutionConfigurationPlatforms) = preSolution
		Debug|Any CPU = Debug|Any CPU
		Release|Any CPU = Release|Any CPU
	EndGlobalSection
	GlobalSection(ProjectConfigurationPlatforms) = postSolution
		{40C7325C-852C-4487-A716-348FDF469AF5}.Debug|Any CPU.ActiveCfg = Debug|Any CPU
		{40C7325C-852C-4487-A716-348FDF469AF5}.Debug|Any CPU.Build.0 = Debug|Any CPU
		{40C7325C-852C-4487-A716-348FDF469AF5}.Release|Any CPU.ActiveCfg = Release|Any CPU
		{40C7325C-852C-4487-A716-348FDF469AF5}.Release|Any CPU.Build.0 = Release|Any CPU
		{E2E06565-B99F-4D82-9667-07179134E0BF}.Debug|Any CPU.ActiveCfg = Debug|Any CPU
		{E2E06565-B99F-4D82-9667-07179134E0BF}.Debug|Any CPU.Build.0 = Debug|Any CPU
		{E2E06565-B99F-4D82-9667-07179134E0BF}.Release|Any CPU.ActiveCfg = Release|Any CPU
		{E2E06565-B99F-4D82-9667-07179134E0BF}.Release|Any CPU.Build.0 = Release|Any CPU
		{3F926B43-234E-471F-829F-4CBEC36FAC82}.Debug|Any CPU.ActiveCfg = Debug|Any CPU
		{3F926B43-234E-471F-829F-4CBEC36FAC82}.Debug|Any CPU.Build.0 = Debug|Any CPU
		{3F926B43-234E-471F-829F-4CBEC36FAC82}.Release|Any CPU.ActiveCfg = Release|Any CPU
		{3F926B43-234E-471F-829F-4CBEC36FAC82}.Release|Any CPU.Build.0 = Release|Any CPU
		{129DBF63-D8F7-4C3D-A8D3-054501A3D601}.Debug|Any CPU.ActiveCfg = Debug|Any CPU
		{129DBF63-D8F7-4C3D-A8D3-054501A3D601}.Debug|Any CPU.Build.0 = Debug|Any CPU
		{129DBF63-D8F7-4C3D-A8D3-054501A3D601}.Release|Any CPU.ActiveCfg = Release|Any CPU
		{129DBF63-D8F7-4C3D-A8D3-054501A3D601}.Release|Any CPU.Build.0 = Release|Any CPU
		{5020FC4B-760A-400A-900D-AC780C327C26}.Debug|Any CPU.ActiveCfg = Debug|Any CPU
		{5020FC4B-760A-400A-900D-AC780C327C26}.Debug|Any CPU.Build.0 = Debug|Any CPU
		{5020FC4B-760A-400A-900D-AC780C327C26}.Release|Any CPU.ActiveCfg = Release|Any CPU
		{5020FC4B-760A-400A-900D-AC780C327C26}.Release|Any CPU.Build.0 = Release|Any CPU
		{7C6F6600-7F3C-42DA-BA7F-EAA32F2888A2}.Debug|Any CPU.ActiveCfg = Debug|Any CPU
		{7C6F6600-7F3C-42DA-BA7F-EAA32F2888A2}.Debug|Any CPU.Build.0 = Debug|Any CPU
		{7C6F6600-7F3C-42DA-BA7F-EAA32F2888A2}.Release|Any CPU.ActiveCfg = Release|Any CPU
		{7C6F6600-7F3C-42DA-BA7F-EAA32F2888A2}.Release|Any CPU.Build.0 = Release|Any CPU
		{39036AC5-97A2-4269-BAA6-D9619EA966DC}.Debug|Any CPU.ActiveCfg = Debug|Any CPU
		{39036AC5-97A2-4269-BAA6-D9619EA966DC}.Debug|Any CPU.Build.0 = Debug|Any CPU
		{39036AC5-97A2-4269-BAA6-D9619EA966DC}.Release|Any CPU.ActiveCfg = Release|Any CPU
		{39036AC5-97A2-4269-BAA6-D9619EA966DC}.Release|Any CPU.Build.0 = Release|Any CPU
		{D0D18B27-7F61-4E48-86ED-CF775514F57F}.Debug|Any CPU.ActiveCfg = Debug|Any CPU
		{D0D18B27-7F61-4E48-86ED-CF775514F57F}.Debug|Any CPU.Build.0 = Debug|Any CPU
		{D0D18B27-7F61-4E48-86ED-CF775514F57F}.Release|Any CPU.ActiveCfg = Release|Any CPU
		{D0D18B27-7F61-4E48-86ED-CF775514F57F}.Release|Any CPU.Build.0 = Release|Any CPU
		{D932F950-3182-431A-BC7E-0F1CB9C33437}.Debug|Any CPU.ActiveCfg = Debug|Any CPU
		{D932F950-3182-431A-BC7E-0F1CB9C33437}.Debug|Any CPU.Build.0 = Debug|Any CPU
		{D932F950-3182-431A-BC7E-0F1CB9C33437}.Release|Any CPU.ActiveCfg = Release|Any CPU
		{D932F950-3182-431A-BC7E-0F1CB9C33437}.Release|Any CPU.Build.0 = Release|Any CPU
	EndGlobalSection
	GlobalSection(SolutionProperties) = preSolution
		HideSolutionNode = FALSE
	EndGlobalSection
	GlobalSection(NestedProjects) = preSolution
		{40C7325C-852C-4487-A716-348FDF469AF5} = {D1FB5D26-79FF-45B9-9631-FF1BA8B258B2}
		{E2E06565-B99F-4D82-9667-07179134E0BF} = {D1FB5D26-79FF-45B9-9631-FF1BA8B258B2}
		{3F926B43-234E-471F-829F-4CBEC36FAC82} = {BB965283-F9B4-470B-BC88-5396C96768CE}
		{129DBF63-D8F7-4C3D-A8D3-054501A3D601} = {BB965283-F9B4-470B-BC88-5396C96768CE}
		{5020FC4B-760A-400A-900D-AC780C327C26} = {F07838F9-188D-406D-AC85-8734D3B4B91C}
		{7C6F6600-7F3C-42DA-BA7F-EAA32F2888A2} = {B8F8748D-F71F-4842-BD63-2CA57368F10E}
		{39036AC5-97A2-4269-BAA6-D9619EA966DC} = {BB965283-F9B4-470B-BC88-5396C96768CE}
		{D0D18B27-7F61-4E48-86ED-CF775514F57F} = {C7B780C9-81B9-4BC2-BB5C-B57441C3A0DF}
		{C7B780C9-81B9-4BC2-BB5C-B57441C3A0DF} = {B7DC9848-BE5C-4E92-967F-400D20A0F6F2}
		{B8F8748D-F71F-4842-BD63-2CA57368F10E} = {B7DC9848-BE5C-4E92-967F-400D20A0F6F2}
		{D932F950-3182-431A-BC7E-0F1CB9C33437} = {F07838F9-188D-406D-AC85-8734D3B4B91C}
	EndGlobalSection
	GlobalSection(ExtensibilityGlobals) = postSolution
		SolutionGuid = {D38A0C02-0E5D-4D79-A867-C9A374FB1DD0}
	EndGlobalSection
EndGlobal
